
Microsoft Visual Studio Solution File, Format Version 12.00
# Visual Studio Version 16
VisualStudioVersion = 16.0.30204.135
MinimumVisualStudioVersion = 10.0.40219.1
Project("{FAE04EC0-301F-11D3-BF4B-00C04F79EFBC}") = "WPF_MVVM_App", "WPF_MVVM_App.csproj", "{05FF2CCE-E8FC-418F-B306-102E90242F8D}"
EndProject
Global
	GlobalSection(SolutionConfigurationPlatforms) = preSolution
		Debug|Any CPU = Debug|Any CPU
		Release|Any CPU = Release|Any CPU
	EndGlobalSection
	GlobalSection(ProjectConfigurationPlatforms) = postSolution
		{05FF2CCE-E8FC-418F-B306-102E90242F8D}.Debug|Any CPU.ActiveCfg = Debug|Any CPU
		{05FF2CCE-E8FC-418F-B306-102E90242F8D}.Debug|Any CPU.Build.0 = Debug|Any CPU
		{05FF2CCE-E8FC-418F-B306-102E90242F8D}.Release|Any CPU.ActiveCfg = Release|Any CPU
		{05FF2CCE-E8FC-418F-B306-102E90242F8D}.Release|Any CPU.Build.0 = Release|Any CPU
	EndGlobalSection
	GlobalSection(SolutionProperties) = preSolution
		HideSolutionNode = FALSE
	EndGlobalSection
	GlobalSection(ExtensibilityGlobals) = postSolution
		SolutionGuid = {5EB58377-141C-46BF-AFB2-B063D5C2BCCA}
	EndGlobalSection
EndGlobal
