
Microsoft Visual Studio Solution File, Format Version 12.00
# Visual Studio Version 16
VisualStudioVersion = 16.0.30204.135
MinimumVisualStudioVersion = 10.0.40219.1
Project("{FAE04EC0-301F-11D3-BF4B-00C04F79EFBC}") = "StartCaliburnApp", "StartCaliburnApp\StartCaliburnApp.csproj", "{AE8F0A6D-981E-436F-B488-C38B93EADE10}"
EndProject
Project("{FAE04EC0-301F-11D3-BF4B-00C04F79EFBC}") = "WPF_MVVM_App", "..\WPF_MVVM_App\WPF_MVVM_App.csproj", "{05FF2CCE-E8FC-418F-B306-102E90242F8D}"
EndProject
Project("{FAE04EC0-301F-11D3-BF4B-00C04F79EFBC}") = "SecondCalibrunApp", "..\SecondCalibrunApp\SecondCalibrunApp\SecondCalibrunApp.csproj", "{2E82F66D-40ED-4EB9-AB17-8484BF618905}"
EndProject
Project("{FAE04EC0-301F-11D3-BF4B-00C04F79EFBC}") = "ThirdCaliburnApp", "ThirdCaliburnApp\ThirdCaliburnApp.csproj", "{BEF7A55F-36BA-40D6-8BA7-8903C257A61F}"
EndProject
Global
	GlobalSection(SolutionConfigurationPlatforms) = preSolution
		Debug|Any CPU = Debug|Any CPU
		Release|Any CPU = Release|Any CPU
	EndGlobalSection
	GlobalSection(ProjectConfigurationPlatforms) = postSolution
		{AE8F0A6D-981E-436F-B488-C38B93EADE10}.Debug|Any CPU.ActiveCfg = Debug|Any CPU
		{AE8F0A6D-981E-436F-B488-C38B93EADE10}.Debug|Any CPU.Build.0 = Debug|Any CPU
		{AE8F0A6D-981E-436F-B488-C38B93EADE10}.Release|Any CPU.ActiveCfg = Release|Any CPU
		{AE8F0A6D-981E-436F-B488-C38B93EADE10}.Release|Any CPU.Build.0 = Release|Any CPU
		{05FF2CCE-E8FC-418F-B306-102E90242F8D}.Debug|Any CPU.ActiveCfg = Debug|Any CPU
		{05FF2CCE-E8FC-418F-B306-102E90242F8D}.Debug|Any CPU.Build.0 = Debug|Any CPU
		{05FF2CCE-E8FC-418F-B306-102E90242F8D}.Release|Any CPU.ActiveCfg = Release|Any CPU
		{05FF2CCE-E8FC-418F-B306-102E90242F8D}.Release|Any CPU.Build.0 = Release|Any CPU
		{2E82F66D-40ED-4EB9-AB17-8484BF618905}.Debug|Any CPU.ActiveCfg = Debug|Any CPU
		{2E82F66D-40ED-4EB9-AB17-8484BF618905}.Debug|Any CPU.Build.0 = Debug|Any CPU
		{2E82F66D-40ED-4EB9-AB17-8484BF618905}.Release|Any CPU.ActiveCfg = Release|Any CPU
		{2E82F66D-40ED-4EB9-AB17-8484BF618905}.Release|Any CPU.Build.0 = Release|Any CPU
		{BEF7A55F-36BA-40D6-8BA7-8903C257A61F}.Debug|Any CPU.ActiveCfg = Debug|Any CPU
		{BEF7A55F-36BA-40D6-8BA7-8903C257A61F}.Debug|Any CPU.Build.0 = Debug|Any CPU
		{BEF7A55F-36BA-40D6-8BA7-8903C257A61F}.Release|Any CPU.ActiveCfg = Release|Any CPU
		{BEF7A55F-36BA-40D6-8BA7-8903C257A61F}.Release|Any CPU.Build.0 = Release|Any CPU
	EndGlobalSection
	GlobalSection(SolutionProperties) = preSolution
		HideSolutionNode = FALSE
	EndGlobalSection
	GlobalSection(ExtensibilityGlobals) = postSolution
		SolutionGuid = {50EE63EA-AEA9-4466-8575-98FC6D5FF229}
	EndGlobalSection
EndGlobal
