
Microsoft Visual Studio Solution File, Format Version 12.00
# Visual Studio Version 16
VisualStudioVersion = 16.0.30204.135
MinimumVisualStudioVersion = 10.0.40219.1
Project("{FAE04EC0-301F-11D3-BF4B-00C04F79EFBC}") = "ArduinoMonitoringWPFApp", "ArduinoMonitoringWPFApp\ArduinoMonitoringWPFApp.csproj", "{727D0BD7-68B8-4598-9C4C-90DCFA3FA766}"
EndProject
Global
	GlobalSection(SolutionConfigurationPlatforms) = preSolution
		Debug|Any CPU = Debug|Any CPU
		Release|Any CPU = Release|Any CPU
	EndGlobalSection
	GlobalSection(ProjectConfigurationPlatforms) = postSolution
		{727D0BD7-68B8-4598-9C4C-90DCFA3FA766}.Debug|Any CPU.ActiveCfg = Debug|Any CPU
		{727D0BD7-68B8-4598-9C4C-90DCFA3FA766}.Debug|Any CPU.Build.0 = Debug|Any CPU
		{727D0BD7-68B8-4598-9C4C-90DCFA3FA766}.Release|Any CPU.ActiveCfg = Release|Any CPU
		{727D0BD7-68B8-4598-9C4C-90DCFA3FA766}.Release|Any CPU.Build.0 = Release|Any CPU
	EndGlobalSection
	GlobalSection(SolutionProperties) = preSolution
		HideSolutionNode = FALSE
	EndGlobalSection
	GlobalSection(ExtensibilityGlobals) = postSolution
		SolutionGuid = {058EB6DA-6EFB-4974-8C03-BDBC4CE335CB}
	EndGlobalSection
EndGlobal
